
Microsoft Visual Studio Solution File, Format Version 12.00
# Visual Studio 15
VisualStudioVersion = 15.0.28307.271
MinimumVisualStudioVersion = 10.0.40219.1
Project("{2150E333-8FDC-42A3-9474-1A3956D46DE8}") = "Services", "Services", "{AF06CF90-A1D2-456C-80A2-0B4F441686E2}"
EndProject
Project("{2150E333-8FDC-42A3-9474-1A3956D46DE8}") = "Web", "Web", "{FDF915C3-EDEA-4BC7-AFDE-93AF98EF73B6}"
EndProject
Project("{2150E333-8FDC-42A3-9474-1A3956D46DE8}") = "Data", "Data", "{B6338757-0F55-41F1-AD49-83E28CF119E2}"
EndProject
Project("{FAE04EC0-301F-11D3-BF4B-00C04F79EFBC}") = "AuctionSystem.Data", "Data\AuctionSystem.Data\AuctionSystem.Data.csproj", "{73D18CC9-BF44-44CF-9A73-43D31AFF31B5}"
EndProject
Project("{FAE04EC0-301F-11D3-BF4B-00C04F79EFBC}") = "AuctionSystem.Models", "Data\AuctionSystem.Models\AuctionSystem.Models.csproj", "{F1AE69C2-B168-4B3D-B601-8104732789C6}"
EndProject
Project("{FAE04EC0-301F-11D3-BF4B-00C04F79EFBC}") = "AuctionSystem.Services", "Services\AuctionSystem.Services\AuctionSystem.Services.csproj", "{43ED2ABB-D24C-4E92-B2FD-246BE2EE40E4}"
EndProject
Project("{FAE04EC0-301F-11D3-BF4B-00C04F79EFBC}") = "AuctionSystem.Web", "Web\AuctionSystem.Web\AuctionSystem.Web.csproj", "{9C4038AE-48C7-4E20-8B1D-CFA5412CC218}"
EndProject
Global
	GlobalSection(SolutionConfigurationPlatforms) = preSolution
		Debug|Any CPU = Debug|Any CPU
		Release|Any CPU = Release|Any CPU
	EndGlobalSection
	GlobalSection(ProjectConfigurationPlatforms) = postSolution
		{73D18CC9-BF44-44CF-9A73-43D31AFF31B5}.Debug|Any CPU.ActiveCfg = Debug|Any CPU
		{73D18CC9-BF44-44CF-9A73-43D31AFF31B5}.Debug|Any CPU.Build.0 = Debug|Any CPU
		{73D18CC9-BF44-44CF-9A73-43D31AFF31B5}.Release|Any CPU.ActiveCfg = Release|Any CPU
		{73D18CC9-BF44-44CF-9A73-43D31AFF31B5}.Release|Any CPU.Build.0 = Release|Any CPU
		{F1AE69C2-B168-4B3D-B601-8104732789C6}.Debug|Any CPU.ActiveCfg = Debug|Any CPU
		{F1AE69C2-B168-4B3D-B601-8104732789C6}.Debug|Any CPU.Build.0 = Debug|Any CPU
		{F1AE69C2-B168-4B3D-B601-8104732789C6}.Release|Any CPU.ActiveCfg = Release|Any CPU
		{F1AE69C2-B168-4B3D-B601-8104732789C6}.Release|Any CPU.Build.0 = Release|Any CPU
		{43ED2ABB-D24C-4E92-B2FD-246BE2EE40E4}.Debug|Any CPU.ActiveCfg = Debug|Any CPU
		{43ED2ABB-D24C-4E92-B2FD-246BE2EE40E4}.Debug|Any CPU.Build.0 = Debug|Any CPU
		{43ED2ABB-D24C-4E92-B2FD-246BE2EE40E4}.Release|Any CPU.ActiveCfg = Release|Any CPU
		{43ED2ABB-D24C-4E92-B2FD-246BE2EE40E4}.Release|Any CPU.Build.0 = Release|Any CPU
		{9C4038AE-48C7-4E20-8B1D-CFA5412CC218}.Debug|Any CPU.ActiveCfg = Debug|Any CPU
		{9C4038AE-48C7-4E20-8B1D-CFA5412CC218}.Debug|Any CPU.Build.0 = Debug|Any CPU
		{9C4038AE-48C7-4E20-8B1D-CFA5412CC218}.Release|Any CPU.ActiveCfg = Release|Any CPU
		{9C4038AE-48C7-4E20-8B1D-CFA5412CC218}.Release|Any CPU.Build.0 = Release|Any CPU
	EndGlobalSection
	GlobalSection(SolutionProperties) = preSolution
		HideSolutionNode = FALSE
	EndGlobalSection
	GlobalSection(NestedProjects) = preSolution
		{73D18CC9-BF44-44CF-9A73-43D31AFF31B5} = {B6338757-0F55-41F1-AD49-83E28CF119E2}
		{F1AE69C2-B168-4B3D-B601-8104732789C6} = {B6338757-0F55-41F1-AD49-83E28CF119E2}
		{43ED2ABB-D24C-4E92-B2FD-246BE2EE40E4} = {AF06CF90-A1D2-456C-80A2-0B4F441686E2}
		{9C4038AE-48C7-4E20-8B1D-CFA5412CC218} = {FDF915C3-EDEA-4BC7-AFDE-93AF98EF73B6}
	EndGlobalSection
	GlobalSection(ExtensibilityGlobals) = postSolution
		SolutionGuid = {33975802-C020-4095-964C-7BA121AFED57}
	EndGlobalSection
EndGlobal
