
Microsoft Visual Studio Solution File, Format Version 12.00
# Visual Studio Version 16
VisualStudioVersion = 16.0.30002.166
MinimumVisualStudioVersion = 10.0.40219.1
Project("{2150E333-8FDC-42A3-9474-1A3956D46DE8}") = "Workers", "Workers", "{B0108E7F-EA8A-4BDE-96F5-C332F7EACC02}"
EndProject
Project("{9A19103F-16F7-4668-BE54-9A1E7A4F7556}") = "AuctionSystem.Worker.Runner", "Workers\AuctionSystem.Worker.Runner\AuctionSystem.Worker.Runner.csproj", "{E2CEDC32-1E4E-4397-A75B-D918D09F6166}"
EndProject
Project("{2150E333-8FDC-42A3-9474-1A3956D46DE8}") = "Core", "Core", "{12E6FC9E-93C9-4C64-ADA8-9874AAEE6A56}"
EndProject
Project("{9A19103F-16F7-4668-BE54-9A1E7A4F7556}") = "Domain", "Core\Domain\Domain.csproj", "{FDFCF57E-050A-4715-87BD-A03470F96C23}"
EndProject
Project("{9A19103F-16F7-4668-BE54-9A1E7A4F7556}") = "Common", "Core\Common\Common.csproj", "{A6D69BB7-A2F8-43E9-B8B6-371EEAF826EB}"
EndProject
Project("{9A19103F-16F7-4668-BE54-9A1E7A4F7556}") = "Application", "Core\Application\Application.csproj", "{F4E3CC19-D591-4AFA-B2BA-9C8026859DF6}"
EndProject
Project("{2150E333-8FDC-42A3-9474-1A3956D46DE8}") = "Infrastructure", "Infrastructure", "{1BD12E72-3EDB-49A4-995A-96170B4F9BDC}"
EndProject
Project("{9A19103F-16F7-4668-BE54-9A1E7A4F7556}") = "Persistence", "Infrastructure\Persistence\Persistence.csproj", "{DBC31A0C-8C3C-43CA-8038-3CE80ECF09C3}"
EndProject
Project("{9A19103F-16F7-4668-BE54-9A1E7A4F7556}") = "AuctionSystem.Infrastructure", "Infrastructure\AuctionSystem.Infrastructure\AuctionSystem.Infrastructure.csproj", "{274065FF-3CE2-4B76-AEE8-D629BA5FBE98}"
EndProject
Project("{2150E333-8FDC-42A3-9474-1A3956D46DE8}") = "Presentation", "Presentation", "{352ED3EF-4CE4-4A24-A9FC-9D2B51ABF298}"
EndProject
Project("{9A19103F-16F7-4668-BE54-9A1E7A4F7556}") = "Api", "Presentation\Api\Api.csproj", "{77C3150D-7A49-4FB8-ACF7-F32C3F6D714F}"
EndProject
Project("{9A19103F-16F7-4668-BE54-9A1E7A4F7556}") = "MvcWeb", "Presentation\MvcWeb\MvcWeb.csproj", "{53476561-3C30-49D1-BA63-CFAEB3C740EA}"
EndProject
Project("{2150E333-8FDC-42A3-9474-1A3956D46DE8}") = "Tests", "Tests", "{7777D241-47F1-4935-B69B-1B43244A7E84}"
EndProject
Project("{9A19103F-16F7-4668-BE54-9A1E7A4F7556}") = "Persistence.IntegrationTests", "..\Tests\Persistence.IntegrationTests\Persistence.IntegrationTests.csproj", "{824331AF-7F14-49AE-B7EA-E76FDDD8884A}"
EndProject
Project("{9A19103F-16F7-4668-BE54-9A1E7A4F7556}") = "Application.UnitTests", "..\Tests\Application.UnitTests\Application.UnitTests.csproj", "{CBC874E5-F86A-47EF-AC3A-E754D560BE95}"
EndProject
Project("{FAE04EC0-301F-11D3-BF4B-00C04F79EFBC}") = "Api.IntegrationTests", "..\Tests\Api.IntegrationTests\Api.IntegrationTests.csproj", "{D39B97B8-617C-4B5D-B4D1-3578DEC91FF5}"
EndProject
Global
	GlobalSection(SolutionConfigurationPlatforms) = preSolution
		Debug|Any CPU = Debug|Any CPU
		Release|Any CPU = Release|Any CPU
	EndGlobalSection
	GlobalSection(ProjectConfigurationPlatforms) = postSolution
		{E2CEDC32-1E4E-4397-A75B-D918D09F6166}.Debug|Any CPU.ActiveCfg = Debug|Any CPU
		{E2CEDC32-1E4E-4397-A75B-D918D09F6166}.Debug|Any CPU.Build.0 = Debug|Any CPU
		{E2CEDC32-1E4E-4397-A75B-D918D09F6166}.Release|Any CPU.ActiveCfg = Release|Any CPU
		{E2CEDC32-1E4E-4397-A75B-D918D09F6166}.Release|Any CPU.Build.0 = Release|Any CPU
		{FDFCF57E-050A-4715-87BD-A03470F96C23}.Debug|Any CPU.ActiveCfg = Debug|Any CPU
		{FDFCF57E-050A-4715-87BD-A03470F96C23}.Debug|Any CPU.Build.0 = Debug|Any CPU
		{FDFCF57E-050A-4715-87BD-A03470F96C23}.Release|Any CPU.ActiveCfg = Release|Any CPU
		{FDFCF57E-050A-4715-87BD-A03470F96C23}.Release|Any CPU.Build.0 = Release|Any CPU
		{A6D69BB7-A2F8-43E9-B8B6-371EEAF826EB}.Debug|Any CPU.ActiveCfg = Debug|Any CPU
		{A6D69BB7-A2F8-43E9-B8B6-371EEAF826EB}.Debug|Any CPU.Build.0 = Debug|Any CPU
		{A6D69BB7-A2F8-43E9-B8B6-371EEAF826EB}.Release|Any CPU.ActiveCfg = Release|Any CPU
		{A6D69BB7-A2F8-43E9-B8B6-371EEAF826EB}.Release|Any CPU.Build.0 = Release|Any CPU
		{F4E3CC19-D591-4AFA-B2BA-9C8026859DF6}.Debug|Any CPU.ActiveCfg = Debug|Any CPU
		{F4E3CC19-D591-4AFA-B2BA-9C8026859DF6}.Debug|Any CPU.Build.0 = Debug|Any CPU
		{F4E3CC19-D591-4AFA-B2BA-9C8026859DF6}.Release|Any CPU.ActiveCfg = Release|Any CPU
		{F4E3CC19-D591-4AFA-B2BA-9C8026859DF6}.Release|Any CPU.Build.0 = Release|Any CPU
		{DBC31A0C-8C3C-43CA-8038-3CE80ECF09C3}.Debug|Any CPU.ActiveCfg = Debug|Any CPU
		{DBC31A0C-8C3C-43CA-8038-3CE80ECF09C3}.Debug|Any CPU.Build.0 = Debug|Any CPU
		{DBC31A0C-8C3C-43CA-8038-3CE80ECF09C3}.Release|Any CPU.ActiveCfg = Release|Any CPU
		{DBC31A0C-8C3C-43CA-8038-3CE80ECF09C3}.Release|Any CPU.Build.0 = Release|Any CPU
		{274065FF-3CE2-4B76-AEE8-D629BA5FBE98}.Debug|Any CPU.ActiveCfg = Debug|Any CPU
		{274065FF-3CE2-4B76-AEE8-D629BA5FBE98}.Debug|Any CPU.Build.0 = Debug|Any CPU
		{274065FF-3CE2-4B76-AEE8-D629BA5FBE98}.Release|Any CPU.ActiveCfg = Release|Any CPU
		{274065FF-3CE2-4B76-AEE8-D629BA5FBE98}.Release|Any CPU.Build.0 = Release|Any CPU
		{77C3150D-7A49-4FB8-ACF7-F32C3F6D714F}.Debug|Any CPU.ActiveCfg = Debug|Any CPU
		{77C3150D-7A49-4FB8-ACF7-F32C3F6D714F}.Debug|Any CPU.Build.0 = Debug|Any CPU
		{77C3150D-7A49-4FB8-ACF7-F32C3F6D714F}.Release|Any CPU.ActiveCfg = Release|Any CPU
		{77C3150D-7A49-4FB8-ACF7-F32C3F6D714F}.Release|Any CPU.Build.0 = Release|Any CPU
		{53476561-3C30-49D1-BA63-CFAEB3C740EA}.Debug|Any CPU.ActiveCfg = Debug|Any CPU
		{53476561-3C30-49D1-BA63-CFAEB3C740EA}.Debug|Any CPU.Build.0 = Debug|Any CPU
		{53476561-3C30-49D1-BA63-CFAEB3C740EA}.Release|Any CPU.ActiveCfg = Release|Any CPU
		{53476561-3C30-49D1-BA63-CFAEB3C740EA}.Release|Any CPU.Build.0 = Release|Any CPU
		{824331AF-7F14-49AE-B7EA-E76FDDD8884A}.Debug|Any CPU.ActiveCfg = Debug|Any CPU
		{824331AF-7F14-49AE-B7EA-E76FDDD8884A}.Debug|Any CPU.Build.0 = Debug|Any CPU
		{824331AF-7F14-49AE-B7EA-E76FDDD8884A}.Release|Any CPU.ActiveCfg = Release|Any CPU
		{824331AF-7F14-49AE-B7EA-E76FDDD8884A}.Release|Any CPU.Build.0 = Release|Any CPU
		{CBC874E5-F86A-47EF-AC3A-E754D560BE95}.Debug|Any CPU.ActiveCfg = Debug|Any CPU
		{CBC874E5-F86A-47EF-AC3A-E754D560BE95}.Debug|Any CPU.Build.0 = Debug|Any CPU
		{CBC874E5-F86A-47EF-AC3A-E754D560BE95}.Release|Any CPU.ActiveCfg = Release|Any CPU
		{CBC874E5-F86A-47EF-AC3A-E754D560BE95}.Release|Any CPU.Build.0 = Release|Any CPU
		{D39B97B8-617C-4B5D-B4D1-3578DEC91FF5}.Debug|Any CPU.ActiveCfg = Debug|Any CPU
		{D39B97B8-617C-4B5D-B4D1-3578DEC91FF5}.Debug|Any CPU.Build.0 = Debug|Any CPU
		{D39B97B8-617C-4B5D-B4D1-3578DEC91FF5}.Release|Any CPU.ActiveCfg = Release|Any CPU
		{D39B97B8-617C-4B5D-B4D1-3578DEC91FF5}.Release|Any CPU.Build.0 = Release|Any CPU
	EndGlobalSection
	GlobalSection(SolutionProperties) = preSolution
		HideSolutionNode = FALSE
	EndGlobalSection
	GlobalSection(NestedProjects) = preSolution
		{E2CEDC32-1E4E-4397-A75B-D918D09F6166} = {B0108E7F-EA8A-4BDE-96F5-C332F7EACC02}
		{FDFCF57E-050A-4715-87BD-A03470F96C23} = {12E6FC9E-93C9-4C64-ADA8-9874AAEE6A56}
		{A6D69BB7-A2F8-43E9-B8B6-371EEAF826EB} = {12E6FC9E-93C9-4C64-ADA8-9874AAEE6A56}
		{F4E3CC19-D591-4AFA-B2BA-9C8026859DF6} = {12E6FC9E-93C9-4C64-ADA8-9874AAEE6A56}
		{DBC31A0C-8C3C-43CA-8038-3CE80ECF09C3} = {1BD12E72-3EDB-49A4-995A-96170B4F9BDC}
		{274065FF-3CE2-4B76-AEE8-D629BA5FBE98} = {1BD12E72-3EDB-49A4-995A-96170B4F9BDC}
		{77C3150D-7A49-4FB8-ACF7-F32C3F6D714F} = {352ED3EF-4CE4-4A24-A9FC-9D2B51ABF298}
		{53476561-3C30-49D1-BA63-CFAEB3C740EA} = {352ED3EF-4CE4-4A24-A9FC-9D2B51ABF298}
		{824331AF-7F14-49AE-B7EA-E76FDDD8884A} = {7777D241-47F1-4935-B69B-1B43244A7E84}
		{CBC874E5-F86A-47EF-AC3A-E754D560BE95} = {7777D241-47F1-4935-B69B-1B43244A7E84}
		{D39B97B8-617C-4B5D-B4D1-3578DEC91FF5} = {7777D241-47F1-4935-B69B-1B43244A7E84}
	EndGlobalSection
	GlobalSection(ExtensibilityGlobals) = postSolution
		SolutionGuid = {33975802-C020-4095-964C-7BA121AFED57}
	EndGlobalSection
EndGlobal
